
Microsoft Visual Studio Solution File, Format Version 12.00
# Visual Studio Version 16
VisualStudioVersion = 16.0.33920.266
MinimumVisualStudioVersion = 10.0.40219.1
Project("{8BC9CEB8-8B4A-11D0-8D11-00A0C91BC942}") = "homework-2024-2-19", "homework-2024-2-19.vcxproj", "{BF41178F-8DC4-4E19-A9C0-8882A7460CE9}"
EndProject
Global
	GlobalSection(SolutionConfigurationPlatforms) = preSolution
		Debug|x64 = Debug|x64
		Debug|x86 = Debug|x86
		Release|x64 = Release|x64
		Release|x86 = Release|x86
	EndGlobalSection
	GlobalSection(ProjectConfigurationPlatforms) = postSolution
		{BF41178F-8DC4-4E19-A9C0-8882A7460CE9}.Debug|x64.ActiveCfg = Debug|x64
		{BF41178F-8DC4-4E19-A9C0-8882A7460CE9}.Debug|x64.Build.0 = Debug|x64
		{BF41178F-8DC4-4E19-A9C0-8882A7460CE9}.Debug|x86.ActiveCfg = Debug|Win32
		{BF41178F-8DC4-4E19-A9C0-8882A7460CE9}.Debug|x86.Build.0 = Debug|Win32
		{BF41178F-8DC4-4E19-A9C0-8882A7460CE9}.Release|x64.ActiveCfg = Release|x64
		{BF41178F-8DC4-4E19-A9C0-8882A7460CE9}.Release|x64.Build.0 = Release|x64
		{BF41178F-8DC4-4E19-A9C0-8882A7460CE9}.Release|x86.ActiveCfg = Release|Win32
		{BF41178F-8DC4-4E19-A9C0-8882A7460CE9}.Release|x86.Build.0 = Release|Win32
	EndGlobalSection
	GlobalSection(SolutionProperties) = preSolution
		HideSolutionNode = FALSE
	EndGlobalSection
	GlobalSection(ExtensibilityGlobals) = postSolution
		SolutionGuid = {CE9008A4-FB20-4322-B5C2-E3CFDBFC5557}
	EndGlobalSection
EndGlobal
