
Microsoft Visual Studio Solution File, Format Version 12.00
# Visual Studio Version 16
VisualStudioVersion = 16.0.33920.266
MinimumVisualStudioVersion = 10.0.40219.1
Project("{8BC9CEB8-8B4A-11D0-8D11-00A0C91BC942}") = "prctice-2023-10-20", "prctice-2023-10-20.vcxproj", "{70A9F4E1-7A74-4889-BEAE-3598AAAA733D}"
EndProject
Global
	GlobalSection(SolutionConfigurationPlatforms) = preSolution
		Debug|x64 = Debug|x64
		Debug|x86 = Debug|x86
		Release|x64 = Release|x64
		Release|x86 = Release|x86
	EndGlobalSection
	GlobalSection(ProjectConfigurationPlatforms) = postSolution
		{70A9F4E1-7A74-4889-BEAE-3598AAAA733D}.Debug|x64.ActiveCfg = Debug|x64
		{70A9F4E1-7A74-4889-BEAE-3598AAAA733D}.Debug|x64.Build.0 = Debug|x64
		{70A9F4E1-7A74-4889-BEAE-3598AAAA733D}.Debug|x86.ActiveCfg = Debug|Win32
		{70A9F4E1-7A74-4889-BEAE-3598AAAA733D}.Debug|x86.Build.0 = Debug|Win32
		{70A9F4E1-7A74-4889-BEAE-3598AAAA733D}.Release|x64.ActiveCfg = Release|x64
		{70A9F4E1-7A74-4889-BEAE-3598AAAA733D}.Release|x64.Build.0 = Release|x64
		{70A9F4E1-7A74-4889-BEAE-3598AAAA733D}.Release|x86.ActiveCfg = Release|Win32
		{70A9F4E1-7A74-4889-BEAE-3598AAAA733D}.Release|x86.Build.0 = Release|Win32
	EndGlobalSection
	GlobalSection(SolutionProperties) = preSolution
		HideSolutionNode = FALSE
	EndGlobalSection
	GlobalSection(ExtensibilityGlobals) = postSolution
		SolutionGuid = {8EB426BD-5834-4061-AE8C-254B82BD21EC}
	EndGlobalSection
EndGlobal
