
Microsoft Visual Studio Solution File, Format Version 12.00
# Visual Studio Version 16
VisualStudioVersion = 16.0.33920.266
MinimumVisualStudioVersion = 10.0.40219.1
Project("{8BC9CEB8-8B4A-11D0-8D11-00A0C91BC942}") = "homework-2024-1-17", "homework-2024-1-17.vcxproj", "{8599934B-864F-4358-99E9-D0EA237C9945}"
EndProject
Global
	GlobalSection(SolutionConfigurationPlatforms) = preSolution
		Debug|x64 = Debug|x64
		Debug|x86 = Debug|x86
		Release|x64 = Release|x64
		Release|x86 = Release|x86
	EndGlobalSection
	GlobalSection(ProjectConfigurationPlatforms) = postSolution
		{8599934B-864F-4358-99E9-D0EA237C9945}.Debug|x64.ActiveCfg = Debug|x64
		{8599934B-864F-4358-99E9-D0EA237C9945}.Debug|x64.Build.0 = Debug|x64
		{8599934B-864F-4358-99E9-D0EA237C9945}.Debug|x86.ActiveCfg = Debug|Win32
		{8599934B-864F-4358-99E9-D0EA237C9945}.Debug|x86.Build.0 = Debug|Win32
		{8599934B-864F-4358-99E9-D0EA237C9945}.Release|x64.ActiveCfg = Release|x64
		{8599934B-864F-4358-99E9-D0EA237C9945}.Release|x64.Build.0 = Release|x64
		{8599934B-864F-4358-99E9-D0EA237C9945}.Release|x86.ActiveCfg = Release|Win32
		{8599934B-864F-4358-99E9-D0EA237C9945}.Release|x86.Build.0 = Release|Win32
	EndGlobalSection
	GlobalSection(SolutionProperties) = preSolution
		HideSolutionNode = FALSE
	EndGlobalSection
	GlobalSection(ExtensibilityGlobals) = postSolution
		SolutionGuid = {8471F356-801A-4B18-80C2-755513455F12}
	EndGlobalSection
EndGlobal
