
Microsoft Visual Studio Solution File, Format Version 12.00
# Visual Studio Version 16
VisualStudioVersion = 16.0.33920.266
MinimumVisualStudioVersion = 10.0.40219.1
Project("{8BC9CEB8-8B4A-11D0-8D11-00A0C91BC942}") = "homework-7-30-2023-!2", "homework-7-30-2023-!2.vcxproj", "{4DE7D3C5-76B1-41A8-A388-6A792343A53C}"
EndProject
Global
	GlobalSection(SolutionConfigurationPlatforms) = preSolution
		Debug|x64 = Debug|x64
		Debug|x86 = Debug|x86
		Release|x64 = Release|x64
		Release|x86 = Release|x86
	EndGlobalSection
	GlobalSection(ProjectConfigurationPlatforms) = postSolution
		{4DE7D3C5-76B1-41A8-A388-6A792343A53C}.Debug|x64.ActiveCfg = Debug|x64
		{4DE7D3C5-76B1-41A8-A388-6A792343A53C}.Debug|x64.Build.0 = Debug|x64
		{4DE7D3C5-76B1-41A8-A388-6A792343A53C}.Debug|x86.ActiveCfg = Debug|Win32
		{4DE7D3C5-76B1-41A8-A388-6A792343A53C}.Debug|x86.Build.0 = Debug|Win32
		{4DE7D3C5-76B1-41A8-A388-6A792343A53C}.Release|x64.ActiveCfg = Release|x64
		{4DE7D3C5-76B1-41A8-A388-6A792343A53C}.Release|x64.Build.0 = Release|x64
		{4DE7D3C5-76B1-41A8-A388-6A792343A53C}.Release|x86.ActiveCfg = Release|Win32
		{4DE7D3C5-76B1-41A8-A388-6A792343A53C}.Release|x86.Build.0 = Release|Win32
	EndGlobalSection
	GlobalSection(SolutionProperties) = preSolution
		HideSolutionNode = FALSE
	EndGlobalSection
	GlobalSection(ExtensibilityGlobals) = postSolution
		SolutionGuid = {484B15A2-FCB2-4F56-9BD9-83880126E84A}
	EndGlobalSection
EndGlobal
