
Microsoft Visual Studio Solution File, Format Version 12.00
# Visual Studio Version 16
VisualStudioVersion = 16.0.33920.266
MinimumVisualStudioVersion = 10.0.40219.1
Project("{8BC9CEB8-8B4A-11D0-8D11-00A0C91BC942}") = "homework-2024-1-21", "homework-2024-1-21.vcxproj", "{4D180A21-B8DA-4AB2-8350-5B7343F7CB6D}"
EndProject
Global
	GlobalSection(SolutionConfigurationPlatforms) = preSolution
		Debug|x64 = Debug|x64
		Debug|x86 = Debug|x86
		Release|x64 = Release|x64
		Release|x86 = Release|x86
	EndGlobalSection
	GlobalSection(ProjectConfigurationPlatforms) = postSolution
		{4D180A21-B8DA-4AB2-8350-5B7343F7CB6D}.Debug|x64.ActiveCfg = Debug|x64
		{4D180A21-B8DA-4AB2-8350-5B7343F7CB6D}.Debug|x64.Build.0 = Debug|x64
		{4D180A21-B8DA-4AB2-8350-5B7343F7CB6D}.Debug|x86.ActiveCfg = Debug|Win32
		{4D180A21-B8DA-4AB2-8350-5B7343F7CB6D}.Debug|x86.Build.0 = Debug|Win32
		{4D180A21-B8DA-4AB2-8350-5B7343F7CB6D}.Release|x64.ActiveCfg = Release|x64
		{4D180A21-B8DA-4AB2-8350-5B7343F7CB6D}.Release|x64.Build.0 = Release|x64
		{4D180A21-B8DA-4AB2-8350-5B7343F7CB6D}.Release|x86.ActiveCfg = Release|Win32
		{4D180A21-B8DA-4AB2-8350-5B7343F7CB6D}.Release|x86.Build.0 = Release|Win32
	EndGlobalSection
	GlobalSection(SolutionProperties) = preSolution
		HideSolutionNode = FALSE
	EndGlobalSection
	GlobalSection(ExtensibilityGlobals) = postSolution
		SolutionGuid = {ED6E5232-9737-4225-98F0-F6AFD12FB37A}
	EndGlobalSection
EndGlobal
