
Microsoft Visual Studio Solution File, Format Version 12.00
# Visual Studio Version 16
VisualStudioVersion = 16.0.33920.266
MinimumVisualStudioVersion = 10.0.40219.1
Project("{8BC9CEB8-8B4A-11D0-8D11-00A0C91BC942}") = "homework-2024-2-3", "homework-2024-2-3.vcxproj", "{CF830056-C3E5-4E9B-A784-CA182D8292B3}"
EndProject
Global
	GlobalSection(SolutionConfigurationPlatforms) = preSolution
		Debug|x64 = Debug|x64
		Debug|x86 = Debug|x86
		Release|x64 = Release|x64
		Release|x86 = Release|x86
	EndGlobalSection
	GlobalSection(ProjectConfigurationPlatforms) = postSolution
		{CF830056-C3E5-4E9B-A784-CA182D8292B3}.Debug|x64.ActiveCfg = Debug|x64
		{CF830056-C3E5-4E9B-A784-CA182D8292B3}.Debug|x64.Build.0 = Debug|x64
		{CF830056-C3E5-4E9B-A784-CA182D8292B3}.Debug|x86.ActiveCfg = Debug|Win32
		{CF830056-C3E5-4E9B-A784-CA182D8292B3}.Debug|x86.Build.0 = Debug|Win32
		{CF830056-C3E5-4E9B-A784-CA182D8292B3}.Release|x64.ActiveCfg = Release|x64
		{CF830056-C3E5-4E9B-A784-CA182D8292B3}.Release|x64.Build.0 = Release|x64
		{CF830056-C3E5-4E9B-A784-CA182D8292B3}.Release|x86.ActiveCfg = Release|Win32
		{CF830056-C3E5-4E9B-A784-CA182D8292B3}.Release|x86.Build.0 = Release|Win32
	EndGlobalSection
	GlobalSection(SolutionProperties) = preSolution
		HideSolutionNode = FALSE
	EndGlobalSection
	GlobalSection(ExtensibilityGlobals) = postSolution
		SolutionGuid = {FD6F6DFD-C595-45C8-9BDF-FE702428D328}
	EndGlobalSection
EndGlobal
