
Microsoft Visual Studio Solution File, Format Version 12.00
# Visual Studio Version 16
VisualStudioVersion = 16.0.33920.266
MinimumVisualStudioVersion = 10.0.40219.1
Project("{8BC9CEB8-8B4A-11D0-8D11-00A0C91BC942}") = "homework-2023-10-17", "homework-2023-10-17.vcxproj", "{15C78569-ACEE-4474-8A0A-A6F5849FA3C5}"
EndProject
Global
	GlobalSection(SolutionConfigurationPlatforms) = preSolution
		Debug|x64 = Debug|x64
		Debug|x86 = Debug|x86
		Release|x64 = Release|x64
		Release|x86 = Release|x86
	EndGlobalSection
	GlobalSection(ProjectConfigurationPlatforms) = postSolution
		{15C78569-ACEE-4474-8A0A-A6F5849FA3C5}.Debug|x64.ActiveCfg = Debug|x64
		{15C78569-ACEE-4474-8A0A-A6F5849FA3C5}.Debug|x64.Build.0 = Debug|x64
		{15C78569-ACEE-4474-8A0A-A6F5849FA3C5}.Debug|x86.ActiveCfg = Debug|Win32
		{15C78569-ACEE-4474-8A0A-A6F5849FA3C5}.Debug|x86.Build.0 = Debug|Win32
		{15C78569-ACEE-4474-8A0A-A6F5849FA3C5}.Release|x64.ActiveCfg = Release|x64
		{15C78569-ACEE-4474-8A0A-A6F5849FA3C5}.Release|x64.Build.0 = Release|x64
		{15C78569-ACEE-4474-8A0A-A6F5849FA3C5}.Release|x86.ActiveCfg = Release|Win32
		{15C78569-ACEE-4474-8A0A-A6F5849FA3C5}.Release|x86.Build.0 = Release|Win32
	EndGlobalSection
	GlobalSection(SolutionProperties) = preSolution
		HideSolutionNode = FALSE
	EndGlobalSection
	GlobalSection(ExtensibilityGlobals) = postSolution
		SolutionGuid = {4615A6D3-6703-4303-A8FA-8ACD447F3DFE}
	EndGlobalSection
EndGlobal
