
Microsoft Visual Studio Solution File, Format Version 12.00
# Visual Studio Version 16
VisualStudioVersion = 16.0.33920.266
MinimumVisualStudioVersion = 10.0.40219.1
Project("{8BC9CEB8-8B4A-11D0-8D11-00A0C91BC942}") = "homework-2024-2-21", "homework-2024-2-21.vcxproj", "{E9DA2838-B216-4FA5-BA8C-9F54244E00AA}"
EndProject
Global
	GlobalSection(SolutionConfigurationPlatforms) = preSolution
		Debug|x64 = Debug|x64
		Debug|x86 = Debug|x86
		Release|x64 = Release|x64
		Release|x86 = Release|x86
	EndGlobalSection
	GlobalSection(ProjectConfigurationPlatforms) = postSolution
		{E9DA2838-B216-4FA5-BA8C-9F54244E00AA}.Debug|x64.ActiveCfg = Debug|x64
		{E9DA2838-B216-4FA5-BA8C-9F54244E00AA}.Debug|x64.Build.0 = Debug|x64
		{E9DA2838-B216-4FA5-BA8C-9F54244E00AA}.Debug|x86.ActiveCfg = Debug|Win32
		{E9DA2838-B216-4FA5-BA8C-9F54244E00AA}.Debug|x86.Build.0 = Debug|Win32
		{E9DA2838-B216-4FA5-BA8C-9F54244E00AA}.Release|x64.ActiveCfg = Release|x64
		{E9DA2838-B216-4FA5-BA8C-9F54244E00AA}.Release|x64.Build.0 = Release|x64
		{E9DA2838-B216-4FA5-BA8C-9F54244E00AA}.Release|x86.ActiveCfg = Release|Win32
		{E9DA2838-B216-4FA5-BA8C-9F54244E00AA}.Release|x86.Build.0 = Release|Win32
	EndGlobalSection
	GlobalSection(SolutionProperties) = preSolution
		HideSolutionNode = FALSE
	EndGlobalSection
	GlobalSection(ExtensibilityGlobals) = postSolution
		SolutionGuid = {E98B52E8-60E9-4639-B969-625A1766AAA1}
	EndGlobalSection
EndGlobal
